{
  "originHash" : "686b66ce3ab1dd214e2ef9ec6f50dad822dadbed675581be04c5a7000be5fe6c",
  "pins" : [
    {
      "identity" : "swift-algorithms",
      "kind" : "remoteSourceControl",
      "location" : "https://github.com/apple/swift-algorithms",
      "state" : {
        "revision" : "f6919dfc309e7f1b56224378b11e28bab5bccc42",
        "version" : "1.2.0"
      }
    },
    {
      "identity" : "swift-numerics",
      "kind" : "remoteSourceControl",
      "location" : "https://github.com/apple/swift-numerics",
      "state" : {
        "revision" : "0a5bc04095a675662cf24757cc0640aa2204253b",
        "version" : "1.0.2"
      }
    },
    {
      "identity" : "swiftdata-sectionedquery",
      "kind" : "remoteSourceControl",
      "location" : "https://github.com/Whiffer/swiftdata-sectionedquery",
      "state" : {
        "revision" : "5435d9a061067460b0857e3f44d25fc0872146ea",
        "version" : "1.0.2"
      }
    }
  ],
  "version" : 3
}
